
Microsoft Visual Studio Solution File, Format Version 12.00
# Visual Studio Version 17
VisualStudioVersion = 17.7.34024.191
MinimumVisualStudioVersion = 10.0.40219.1
Project("{FAE04EC0-301F-11D3-BF4B-00C04F79EFBC}") = "mauModule7", "mauModule7\mauModule7.csproj", "{13471B4D-C1EE-4F1C-ACF3-02B41B5FDEC2}"
EndProject
Global
	GlobalSection(SolutionConfigurationPlatforms) = preSolution
		Debug|Any CPU = Debug|Any CPU
		Release|Any CPU = Release|Any CPU
	EndGlobalSection
	GlobalSection(ProjectConfigurationPlatforms) = postSolution
		{13471B4D-C1EE-4F1C-ACF3-02B41B5FDEC2}.Debug|Any CPU.ActiveCfg = Debug|Any CPU
		{13471B4D-C1EE-4F1C-ACF3-02B41B5FDEC2}.Debug|Any CPU.Build.0 = Debug|Any CPU
		{13471B4D-C1EE-4F1C-ACF3-02B41B5FDEC2}.Release|Any CPU.ActiveCfg = Release|Any CPU
		{13471B4D-C1EE-4F1C-ACF3-02B41B5FDEC2}.Release|Any CPU.Build.0 = Release|Any CPU
	EndGlobalSection
	GlobalSection(SolutionProperties) = preSolution
		HideSolutionNode = FALSE
	EndGlobalSection
	GlobalSection(ExtensibilityGlobals) = postSolution
		SolutionGuid = {252879EA-AC2A-4862-8DD4-6E2F20B3968F}
	EndGlobalSection
EndGlobal
